
Microsoft Visual Studio Solution File, Format Version 12.00
# Visual Studio for Mac
Project("{FAE04EC0-301F-11D3-BF4B-00C04F79EFBC}") = "Assembly-CSharp", "Assembly-CSharp.csproj", "{57EBE4C3-5C29-3957-D711-6F23CA08FD44}"
EndProject
Project("{FAE04EC0-301F-11D3-BF4B-00C04F79EFBC}") = "Assembly-CSharp-firstpass", "Assembly-CSharp-firstpass.csproj", "{426F6D8B-DA08-8ECA-BFDE-83CBCCB4A1C3}"
EndProject
Project("{FAE04EC0-301F-11D3-BF4B-00C04F79EFBC}") = "Assembly-CSharp-Editor-firstpass", "Assembly-CSharp-Editor-firstpass.csproj", "{55A478D9-D98D-3076-49E1-BBE7295471A0}"
EndProject
Project("{FAE04EC0-301F-11D3-BF4B-00C04F79EFBC}") = "Assembly-CSharp-Editor", "Assembly-CSharp-Editor.csproj", "{15C7148D-00E1-5CB0-DD35-9C3109D6AE5C}"
EndProject
Global
	GlobalSection(SolutionConfigurationPlatforms) = preSolution
		Debug|Any CPU = Debug|Any CPU
		Release|Any CPU = Release|Any CPU
	EndGlobalSection
	GlobalSection(ProjectConfigurationPlatforms) = postSolution
		{57EBE4C3-5C29-3957-D711-6F23CA08FD44}.Debug|Any CPU.ActiveCfg = Debug|Any CPU
		{57EBE4C3-5C29-3957-D711-6F23CA08FD44}.Debug|Any CPU.Build.0 = Debug|Any CPU
		{57EBE4C3-5C29-3957-D711-6F23CA08FD44}.Release|Any CPU.ActiveCfg = Release|Any CPU
		{57EBE4C3-5C29-3957-D711-6F23CA08FD44}.Release|Any CPU.Build.0 = Release|Any CPU
		{426F6D8B-DA08-8ECA-BFDE-83CBCCB4A1C3}.Debug|Any CPU.ActiveCfg = Debug|Any CPU
		{426F6D8B-DA08-8ECA-BFDE-83CBCCB4A1C3}.Debug|Any CPU.Build.0 = Debug|Any CPU
		{426F6D8B-DA08-8ECA-BFDE-83CBCCB4A1C3}.Release|Any CPU.ActiveCfg = Release|Any CPU
		{426F6D8B-DA08-8ECA-BFDE-83CBCCB4A1C3}.Release|Any CPU.Build.0 = Release|Any CPU
		{55A478D9-D98D-3076-49E1-BBE7295471A0}.Debug|Any CPU.ActiveCfg = Debug|Any CPU
		{55A478D9-D98D-3076-49E1-BBE7295471A0}.Debug|Any CPU.Build.0 = Debug|Any CPU
		{55A478D9-D98D-3076-49E1-BBE7295471A0}.Release|Any CPU.ActiveCfg = Release|Any CPU
		{55A478D9-D98D-3076-49E1-BBE7295471A0}.Release|Any CPU.Build.0 = Release|Any CPU
		{15C7148D-00E1-5CB0-DD35-9C3109D6AE5C}.Debug|Any CPU.ActiveCfg = Debug|Any CPU
		{15C7148D-00E1-5CB0-DD35-9C3109D6AE5C}.Debug|Any CPU.Build.0 = Debug|Any CPU
		{15C7148D-00E1-5CB0-DD35-9C3109D6AE5C}.Release|Any CPU.ActiveCfg = Release|Any CPU
		{15C7148D-00E1-5CB0-DD35-9C3109D6AE5C}.Release|Any CPU.Build.0 = Release|Any CPU
	EndGlobalSection
	GlobalSection(SolutionProperties) = preSolution
		HideSolutionNode = FALSE
	EndGlobalSection
EndGlobal
